
Microsoft Visual Studio Solution File, Format Version 12.00
# Visual Studio Version 17
VisualStudioVersion = 17.4.33110.190
MinimumVisualStudioVersion = 10.0.40219.1
Project("{FAE04EC0-301F-11D3-BF4B-00C04F79EFBC}") = "SeogProjects", "SeogProjects\SeogProjects.csproj", "{FCC62B87-6394-4508-8641-ED425D07057C}"
EndProject
Global
	GlobalSection(SolutionConfigurationPlatforms) = preSolution
		Debug|Any CPU = Debug|Any CPU
		Release|Any CPU = Release|Any CPU
	EndGlobalSection
	GlobalSection(ProjectConfigurationPlatforms) = postSolution
		{FCC62B87-6394-4508-8641-ED425D07057C}.Debug|Any CPU.ActiveCfg = Debug|Any CPU
		{FCC62B87-6394-4508-8641-ED425D07057C}.Debug|Any CPU.Build.0 = Debug|Any CPU
		{FCC62B87-6394-4508-8641-ED425D07057C}.Release|Any CPU.ActiveCfg = Release|Any CPU
		{FCC62B87-6394-4508-8641-ED425D07057C}.Release|Any CPU.Build.0 = Release|Any CPU
	EndGlobalSection
	GlobalSection(SolutionProperties) = preSolution
		HideSolutionNode = FALSE
	EndGlobalSection
	GlobalSection(ExtensibilityGlobals) = postSolution
		SolutionGuid = {9F634431-326F-448C-A52C-400E5BA076BB}
	EndGlobalSection
EndGlobal
